<Solution>
  <Project Path="EventManagement.Application/EventManagement.Application.csproj" />
  <Project Path="EventManagement.Domain/EventManagement.Domain.csproj" />
  <Project Path="EventManagement.Infrastrure/EventManagement.Infrastrure.csproj" />
  <Project Path="EventManagement.Presentation/EventManagement.Presentation.csproj" />
</Solution>
